
Microsoft Visual Studio Solution File, Format Version 12.00
# Visual Studio Version 17
VisualStudioVersion = 17.8.34511.84
MinimumVisualStudioVersion = 10.0.40219.1
Project("{8BC9CEB8-8B4A-11D0-8D11-00A0C91BC942}") = "Test", "Test\Test.vcxproj", "{1CD01EF4-8AE6-4D7C-911F-DEBB2D7BA3D8}"
EndProject
Project("{2150E333-8FDC-42A3-9474-1A3956D46DE8}") = "Week 1", "Week 1", "{0435E224-41DB-4C91-AC3E-7306CD159DCE}"
EndProject
Project("{2150E333-8FDC-42A3-9474-1A3956D46DE8}") = "Week 2", "Week 2", "{EAD140CF-FE59-49EC-814C-3D2742F39EA0}"
EndProject
Project("{8BC9CEB8-8B4A-11D0-8D11-00A0C91BC942}") = "Focused 1", "Focused 1\Focused 1.vcxproj", "{B7B191DF-FE0E-4B94-8A59-07259B984A6A}"
EndProject
Project("{8BC9CEB8-8B4A-11D0-8D11-00A0C91BC942}") = "Focused 2", "Focused 2\Focused 2.vcxproj", "{82D5F4CD-89E3-4849-B920-081173921A2C}"
EndProject
Project("{8BC9CEB8-8B4A-11D0-8D11-00A0C91BC942}") = "Major 1", "Major 1\Major 1.vcxproj", "{64C3183B-1A51-4DBB-8E74-7D0D5B524A3A}"
EndProject
Project("{2150E333-8FDC-42A3-9474-1A3956D46DE8}") = "Week 3", "Week 3", "{262FE222-D6A3-407B-92C8-679876E7853D}"
EndProject
Project("{8BC9CEB8-8B4A-11D0-8D11-00A0C91BC942}") = "Focused 3", "Focused 3\Focused 3.vcxproj", "{B99CC36C-36B1-4148-80B0-08BCEEEB09CB}"
EndProject
Project("{2150E333-8FDC-42A3-9474-1A3956D46DE8}") = "Week 4", "Week 4", "{853AADE9-8C15-476B-8405-47EFB4021347}"
EndProject
Project("{8BC9CEB8-8B4A-11D0-8D11-00A0C91BC942}") = "Major 2", "Major 2\Major 2.vcxproj", "{0C8A85FC-A38D-4750-A16C-B2CFB8695933}"
EndProject
Project("{2150E333-8FDC-42A3-9474-1A3956D46DE8}") = "Week 5", "Week 5", "{569E3469-2E57-4705-92F1-55DEB114AD73}"
EndProject
Project("{8BC9CEB8-8B4A-11D0-8D11-00A0C91BC942}") = "Focused 4", "Focused 4\Focused 4.vcxproj", "{9827AFFC-0CA8-45C4-BEAB-90F857E9E155}"
EndProject
Project("{8BC9CEB8-8B4A-11D0-8D11-00A0C91BC942}") = "Major 3", "Major 3\Major 3.vcxproj", "{9FF5227E-B007-40B0-AD05-44A288BD692E}"
EndProject
Project("{2150E333-8FDC-42A3-9474-1A3956D46DE8}") = "Week 6", "Week 6", "{93AB9C44-94A6-4AD1-AB7D-DEE4406A2438}"
EndProject
Project("{8BC9CEB8-8B4A-11D0-8D11-00A0C91BC942}") = "Focused 5", "Focused 5\Focused 5.vcxproj", "{4218EC64-B3B2-475F-B36F-03CF7786360B}"
EndProject
Project("{8BC9CEB8-8B4A-11D0-8D11-00A0C91BC942}") = "Major 4", "Major 4\Major 4.vcxproj", "{0F5A3511-E774-4AA1-9534-B6A903BB1DB4}"
EndProject
Project("{8BC9CEB8-8B4A-11D0-8D11-00A0C91BC942}") = "Focused 6", "Focused 6\Focused 6.vcxproj", "{7B236041-FF33-4A7B-84A9-FE9B218771C1}"
EndProject
Project("{8BC9CEB8-8B4A-11D0-8D11-00A0C91BC942}") = "Focused 7", "Focused 7\Focused 7.vcxproj", "{A94BFA57-47F6-477D-98C8-3C795687FF0F}"
EndProject
Project("{8BC9CEB8-8B4A-11D0-8D11-00A0C91BC942}") = "Focused 8", "Focused 8\Focused 8.vcxproj", "{D1D92288-341C-425E-B84B-B1953EC262DB}"
EndProject
Global
	GlobalSection(SolutionConfigurationPlatforms) = preSolution
		Debug|x64 = Debug|x64
		Debug|x86 = Debug|x86
		Release|x64 = Release|x64
		Release|x86 = Release|x86
	EndGlobalSection
	GlobalSection(ProjectConfigurationPlatforms) = postSolution
		{1CD01EF4-8AE6-4D7C-911F-DEBB2D7BA3D8}.Debug|x64.ActiveCfg = Debug|x64
		{1CD01EF4-8AE6-4D7C-911F-DEBB2D7BA3D8}.Debug|x64.Build.0 = Debug|x64
		{1CD01EF4-8AE6-4D7C-911F-DEBB2D7BA3D8}.Debug|x86.ActiveCfg = Debug|Win32
		{1CD01EF4-8AE6-4D7C-911F-DEBB2D7BA3D8}.Debug|x86.Build.0 = Debug|Win32
		{1CD01EF4-8AE6-4D7C-911F-DEBB2D7BA3D8}.Release|x64.ActiveCfg = Release|x64
		{1CD01EF4-8AE6-4D7C-911F-DEBB2D7BA3D8}.Release|x64.Build.0 = Release|x64
		{1CD01EF4-8AE6-4D7C-911F-DEBB2D7BA3D8}.Release|x86.ActiveCfg = Release|Win32
		{1CD01EF4-8AE6-4D7C-911F-DEBB2D7BA3D8}.Release|x86.Build.0 = Release|Win32
		{B7B191DF-FE0E-4B94-8A59-07259B984A6A}.Debug|x64.ActiveCfg = Debug|x64
		{B7B191DF-FE0E-4B94-8A59-07259B984A6A}.Debug|x64.Build.0 = Debug|x64
		{B7B191DF-FE0E-4B94-8A59-07259B984A6A}.Debug|x86.ActiveCfg = Debug|Win32
		{B7B191DF-FE0E-4B94-8A59-07259B984A6A}.Debug|x86.Build.0 = Debug|Win32
		{B7B191DF-FE0E-4B94-8A59-07259B984A6A}.Release|x64.ActiveCfg = Release|x64
		{B7B191DF-FE0E-4B94-8A59-07259B984A6A}.Release|x64.Build.0 = Release|x64
		{B7B191DF-FE0E-4B94-8A59-07259B984A6A}.Release|x86.ActiveCfg = Release|Win32
		{B7B191DF-FE0E-4B94-8A59-07259B984A6A}.Release|x86.Build.0 = Release|Win32
		{82D5F4CD-89E3-4849-B920-081173921A2C}.Debug|x64.ActiveCfg = Debug|x64
		{82D5F4CD-89E3-4849-B920-081173921A2C}.Debug|x64.Build.0 = Debug|x64
		{82D5F4CD-89E3-4849-B920-081173921A2C}.Debug|x86.ActiveCfg = Debug|Win32
		{82D5F4CD-89E3-4849-B920-081173921A2C}.Debug|x86.Build.0 = Debug|Win32
		{82D5F4CD-89E3-4849-B920-081173921A2C}.Release|x64.ActiveCfg = Release|x64
		{82D5F4CD-89E3-4849-B920-081173921A2C}.Release|x64.Build.0 = Release|x64
		{82D5F4CD-89E3-4849-B920-081173921A2C}.Release|x86.ActiveCfg = Release|Win32
		{82D5F4CD-89E3-4849-B920-081173921A2C}.Release|x86.Build.0 = Release|Win32
		{64C3183B-1A51-4DBB-8E74-7D0D5B524A3A}.Debug|x64.ActiveCfg = Debug|x64
		{64C3183B-1A51-4DBB-8E74-7D0D5B524A3A}.Debug|x64.Build.0 = Debug|x64
		{64C3183B-1A51-4DBB-8E74-7D0D5B524A3A}.Debug|x86.ActiveCfg = Debug|Win32
		{64C3183B-1A51-4DBB-8E74-7D0D5B524A3A}.Debug|x86.Build.0 = Debug|Win32
		{64C3183B-1A51-4DBB-8E74-7D0D5B524A3A}.Release|x64.ActiveCfg = Release|x64
		{64C3183B-1A51-4DBB-8E74-7D0D5B524A3A}.Release|x64.Build.0 = Release|x64
		{64C3183B-1A51-4DBB-8E74-7D0D5B524A3A}.Release|x86.ActiveCfg = Release|Win32
		{64C3183B-1A51-4DBB-8E74-7D0D5B524A3A}.Release|x86.Build.0 = Release|Win32
		{B99CC36C-36B1-4148-80B0-08BCEEEB09CB}.Debug|x64.ActiveCfg = Debug|x64
		{B99CC36C-36B1-4148-80B0-08BCEEEB09CB}.Debug|x64.Build.0 = Debug|x64
		{B99CC36C-36B1-4148-80B0-08BCEEEB09CB}.Debug|x86.ActiveCfg = Debug|Win32
		{B99CC36C-36B1-4148-80B0-08BCEEEB09CB}.Debug|x86.Build.0 = Debug|Win32
		{B99CC36C-36B1-4148-80B0-08BCEEEB09CB}.Release|x64.ActiveCfg = Release|x64
		{B99CC36C-36B1-4148-80B0-08BCEEEB09CB}.Release|x64.Build.0 = Release|x64
		{B99CC36C-36B1-4148-80B0-08BCEEEB09CB}.Release|x86.ActiveCfg = Release|Win32
		{B99CC36C-36B1-4148-80B0-08BCEEEB09CB}.Release|x86.Build.0 = Release|Win32
		{0C8A85FC-A38D-4750-A16C-B2CFB8695933}.Debug|x64.ActiveCfg = Debug|x64
		{0C8A85FC-A38D-4750-A16C-B2CFB8695933}.Debug|x64.Build.0 = Debug|x64
		{0C8A85FC-A38D-4750-A16C-B2CFB8695933}.Debug|x86.ActiveCfg = Debug|Win32
		{0C8A85FC-A38D-4750-A16C-B2CFB8695933}.Debug|x86.Build.0 = Debug|Win32
		{0C8A85FC-A38D-4750-A16C-B2CFB8695933}.Release|x64.ActiveCfg = Release|x64
		{0C8A85FC-A38D-4750-A16C-B2CFB8695933}.Release|x64.Build.0 = Release|x64
		{0C8A85FC-A38D-4750-A16C-B2CFB8695933}.Release|x86.ActiveCfg = Release|Win32
		{0C8A85FC-A38D-4750-A16C-B2CFB8695933}.Release|x86.Build.0 = Release|Win32
		{9827AFFC-0CA8-45C4-BEAB-90F857E9E155}.Debug|x64.ActiveCfg = Debug|x64
		{9827AFFC-0CA8-45C4-BEAB-90F857E9E155}.Debug|x64.Build.0 = Debug|x64
		{9827AFFC-0CA8-45C4-BEAB-90F857E9E155}.Debug|x86.ActiveCfg = Debug|Win32
		{9827AFFC-0CA8-45C4-BEAB-90F857E9E155}.Debug|x86.Build.0 = Debug|Win32
		{9827AFFC-0CA8-45C4-BEAB-90F857E9E155}.Release|x64.ActiveCfg = Release|x64
		{9827AFFC-0CA8-45C4-BEAB-90F857E9E155}.Release|x64.Build.0 = Release|x64
		{9827AFFC-0CA8-45C4-BEAB-90F857E9E155}.Release|x86.ActiveCfg = Release|Win32
		{9827AFFC-0CA8-45C4-BEAB-90F857E9E155}.Release|x86.Build.0 = Release|Win32
		{9FF5227E-B007-40B0-AD05-44A288BD692E}.Debug|x64.ActiveCfg = Debug|x64
		{9FF5227E-B007-40B0-AD05-44A288BD692E}.Debug|x64.Build.0 = Debug|x64
		{9FF5227E-B007-40B0-AD05-44A288BD692E}.Debug|x86.ActiveCfg = Debug|Win32
		{9FF5227E-B007-40B0-AD05-44A288BD692E}.Debug|x86.Build.0 = Debug|Win32
		{9FF5227E-B007-40B0-AD05-44A288BD692E}.Release|x64.ActiveCfg = Release|x64
		{9FF5227E-B007-40B0-AD05-44A288BD692E}.Release|x64.Build.0 = Release|x64
		{9FF5227E-B007-40B0-AD05-44A288BD692E}.Release|x86.ActiveCfg = Release|Win32
		{9FF5227E-B007-40B0-AD05-44A288BD692E}.Release|x86.Build.0 = Release|Win32
		{4218EC64-B3B2-475F-B36F-03CF7786360B}.Debug|x64.ActiveCfg = Debug|x64
		{4218EC64-B3B2-475F-B36F-03CF7786360B}.Debug|x64.Build.0 = Debug|x64
		{4218EC64-B3B2-475F-B36F-03CF7786360B}.Debug|x86.ActiveCfg = Debug|Win32
		{4218EC64-B3B2-475F-B36F-03CF7786360B}.Debug|x86.Build.0 = Debug|Win32
		{4218EC64-B3B2-475F-B36F-03CF7786360B}.Release|x64.ActiveCfg = Release|x64
		{4218EC64-B3B2-475F-B36F-03CF7786360B}.Release|x64.Build.0 = Release|x64
		{4218EC64-B3B2-475F-B36F-03CF7786360B}.Release|x86.ActiveCfg = Release|Win32
		{4218EC64-B3B2-475F-B36F-03CF7786360B}.Release|x86.Build.0 = Release|Win32
		{0F5A3511-E774-4AA1-9534-B6A903BB1DB4}.Debug|x64.ActiveCfg = Debug|x64
		{0F5A3511-E774-4AA1-9534-B6A903BB1DB4}.Debug|x64.Build.0 = Debug|x64
		{0F5A3511-E774-4AA1-9534-B6A903BB1DB4}.Debug|x86.ActiveCfg = Debug|Win32
		{0F5A3511-E774-4AA1-9534-B6A903BB1DB4}.Debug|x86.Build.0 = Debug|Win32
		{0F5A3511-E774-4AA1-9534-B6A903BB1DB4}.Release|x64.ActiveCfg = Release|x64
		{0F5A3511-E774-4AA1-9534-B6A903BB1DB4}.Release|x64.Build.0 = Release|x64
		{0F5A3511-E774-4AA1-9534-B6A903BB1DB4}.Release|x86.ActiveCfg = Release|Win32
		{0F5A3511-E774-4AA1-9534-B6A903BB1DB4}.Release|x86.Build.0 = Release|Win32
		{7B236041-FF33-4A7B-84A9-FE9B218771C1}.Debug|x64.ActiveCfg = Debug|x64
		{7B236041-FF33-4A7B-84A9-FE9B218771C1}.Debug|x64.Build.0 = Debug|x64
		{7B236041-FF33-4A7B-84A9-FE9B218771C1}.Debug|x86.ActiveCfg = Debug|Win32
		{7B236041-FF33-4A7B-84A9-FE9B218771C1}.Debug|x86.Build.0 = Debug|Win32
		{7B236041-FF33-4A7B-84A9-FE9B218771C1}.Release|x64.ActiveCfg = Release|x64
		{7B236041-FF33-4A7B-84A9-FE9B218771C1}.Release|x64.Build.0 = Release|x64
		{7B236041-FF33-4A7B-84A9-FE9B218771C1}.Release|x86.ActiveCfg = Release|Win32
		{7B236041-FF33-4A7B-84A9-FE9B218771C1}.Release|x86.Build.0 = Release|Win32
		{A94BFA57-47F6-477D-98C8-3C795687FF0F}.Debug|x64.ActiveCfg = Debug|x64
		{A94BFA57-47F6-477D-98C8-3C795687FF0F}.Debug|x64.Build.0 = Debug|x64
		{A94BFA57-47F6-477D-98C8-3C795687FF0F}.Debug|x86.ActiveCfg = Debug|Win32
		{A94BFA57-47F6-477D-98C8-3C795687FF0F}.Debug|x86.Build.0 = Debug|Win32
		{A94BFA57-47F6-477D-98C8-3C795687FF0F}.Release|x64.ActiveCfg = Release|x64
		{A94BFA57-47F6-477D-98C8-3C795687FF0F}.Release|x64.Build.0 = Release|x64
		{A94BFA57-47F6-477D-98C8-3C795687FF0F}.Release|x86.ActiveCfg = Release|Win32
		{A94BFA57-47F6-477D-98C8-3C795687FF0F}.Release|x86.Build.0 = Release|Win32
		{D1D92288-341C-425E-B84B-B1953EC262DB}.Debug|x64.ActiveCfg = Debug|x64
		{D1D92288-341C-425E-B84B-B1953EC262DB}.Debug|x64.Build.0 = Debug|x64
		{D1D92288-341C-425E-B84B-B1953EC262DB}.Debug|x86.ActiveCfg = Debug|Win32
		{D1D92288-341C-425E-B84B-B1953EC262DB}.Debug|x86.Build.0 = Debug|Win32
		{D1D92288-341C-425E-B84B-B1953EC262DB}.Release|x64.ActiveCfg = Release|x64
		{D1D92288-341C-425E-B84B-B1953EC262DB}.Release|x64.Build.0 = Release|x64
		{D1D92288-341C-425E-B84B-B1953EC262DB}.Release|x86.ActiveCfg = Release|Win32
		{D1D92288-341C-425E-B84B-B1953EC262DB}.Release|x86.Build.0 = Release|Win32
	EndGlobalSection
	GlobalSection(SolutionProperties) = preSolution
		HideSolutionNode = FALSE
	EndGlobalSection
	GlobalSection(NestedProjects) = preSolution
		{B7B191DF-FE0E-4B94-8A59-07259B984A6A} = {0435E224-41DB-4C91-AC3E-7306CD159DCE}
		{82D5F4CD-89E3-4849-B920-081173921A2C} = {EAD140CF-FE59-49EC-814C-3D2742F39EA0}
		{64C3183B-1A51-4DBB-8E74-7D0D5B524A3A} = {EAD140CF-FE59-49EC-814C-3D2742F39EA0}
		{B99CC36C-36B1-4148-80B0-08BCEEEB09CB} = {262FE222-D6A3-407B-92C8-679876E7853D}
		{0C8A85FC-A38D-4750-A16C-B2CFB8695933} = {853AADE9-8C15-476B-8405-47EFB4021347}
		{9827AFFC-0CA8-45C4-BEAB-90F857E9E155} = {569E3469-2E57-4705-92F1-55DEB114AD73}
		{9FF5227E-B007-40B0-AD05-44A288BD692E} = {569E3469-2E57-4705-92F1-55DEB114AD73}
		{4218EC64-B3B2-475F-B36F-03CF7786360B} = {93AB9C44-94A6-4AD1-AB7D-DEE4406A2438}
	EndGlobalSection
	GlobalSection(ExtensibilityGlobals) = postSolution
		SolutionGuid = {B888B978-70CC-4828-B834-7F21AB17C7D4}
	EndGlobalSection
EndGlobal
